{
  "name": "Experimental-Fullstack-Project",
  "lockfileVersion": 3,
  "requires": true,
  "packages": {
    "": {
      "dependencies": {
        "mlb-stats-api": "^1.11.0"
      }
    },
    "node_modules/mlb-stats-api": {
      "version": "1.11.0",
      "resolved": "https://registry.npmjs.org/mlb-stats-api/-/mlb-stats-api-1.11.0.tgz",
      "integrity": "sha512-GFKCMY5WpqWR1icJysrzlm0924dcZG2g5b+QPxaqAydGTsY4eC/0Fw2Fm5E+ePZIXXiyxy9O92inKFbSdxlvmg==",
      "engines": {
        "node": "^18.x"
      }
    }
  }
}
